
Microsoft Visual Studio Solution File, Format Version 12.00
# Visual Studio Version 16
VisualStudioVersion = 16.0.29409.12
MinimumVisualStudioVersion = 10.0.40219.1
Project("{FAE04EC0-301F-11D3-BF4B-00C04F79EFBC}") = "TPV2Parcial1", "TPV2Parcial1\TPV2Parcial1.csproj", "{E6AF5CA3-5D65-46C8-8AAC-DD29D9282997}"
EndProject
Global
	GlobalSection(SolutionConfigurationPlatforms) = preSolution
		Debug|Any CPU = Debug|Any CPU
		Release|Any CPU = Release|Any CPU
	EndGlobalSection
	GlobalSection(ProjectConfigurationPlatforms) = postSolution
		{E6AF5CA3-5D65-46C8-8AAC-DD29D9282997}.Debug|Any CPU.ActiveCfg = Debug|Any CPU
		{E6AF5CA3-5D65-46C8-8AAC-DD29D9282997}.Debug|Any CPU.Build.0 = Debug|Any CPU
		{E6AF5CA3-5D65-46C8-8AAC-DD29D9282997}.Release|Any CPU.ActiveCfg = Release|Any CPU
		{E6AF5CA3-5D65-46C8-8AAC-DD29D9282997}.Release|Any CPU.Build.0 = Release|Any CPU
	EndGlobalSection
	GlobalSection(SolutionProperties) = preSolution
		HideSolutionNode = FALSE
	EndGlobalSection
	GlobalSection(ExtensibilityGlobals) = postSolution
		SolutionGuid = {F3CEE071-C94B-47F5-A06F-ACBFFA28E929}
	EndGlobalSection
EndGlobal
