
Microsoft Visual Studio Solution File, Format Version 12.00
# Visual Studio Version 16
VisualStudioVersion = 16.0.29409.12
MinimumVisualStudioVersion = 10.0.40219.1
Project("{FAE04EC0-301F-11D3-BF4B-00C04F79EFBC}") = "PV2doParcial", "PV2doParcial\PV2doParcial.csproj", "{FE3CEC67-3898-48A8-B429-5B5810706D3F}"
EndProject
Global
	GlobalSection(SolutionConfigurationPlatforms) = preSolution
		Debug|Any CPU = Debug|Any CPU
		Release|Any CPU = Release|Any CPU
	EndGlobalSection
	GlobalSection(ProjectConfigurationPlatforms) = postSolution
		{FE3CEC67-3898-48A8-B429-5B5810706D3F}.Debug|Any CPU.ActiveCfg = Debug|Any CPU
		{FE3CEC67-3898-48A8-B429-5B5810706D3F}.Debug|Any CPU.Build.0 = Debug|Any CPU
		{FE3CEC67-3898-48A8-B429-5B5810706D3F}.Release|Any CPU.ActiveCfg = Release|Any CPU
		{FE3CEC67-3898-48A8-B429-5B5810706D3F}.Release|Any CPU.Build.0 = Release|Any CPU
	EndGlobalSection
	GlobalSection(SolutionProperties) = preSolution
		HideSolutionNode = FALSE
	EndGlobalSection
	GlobalSection(ExtensibilityGlobals) = postSolution
		SolutionGuid = {CB15AB0A-E4AD-4EE5-973F-278D19E312EA}
	EndGlobalSection
EndGlobal
